
Microsoft Visual Studio Solution File, Format Version 12.00
# Visual Studio Version 17
VisualStudioVersion = 17.4.33205.214
MinimumVisualStudioVersion = 10.0.40219.1
Project("{FAE04EC0-301F-11D3-BF4B-00C04F79EFBC}") = "SocialNetwork", "SocialNetwork\SocialNetwork.csproj", "{6699EA6D-D6A2-4DD7-A849-3545C941836C}"
EndProject
Project("{FAE04EC0-301F-11D3-BF4B-00C04F79EFBC}") = "SocialNetwork.Data", "SocialNetwork.Data\SocialNetwork.Data.csproj", "{D6459DCE-9D8C-4519-808C-099B11D49285}"
EndProject
Project("{FAE04EC0-301F-11D3-BF4B-00C04F79EFBC}") = "SocialNetwork.BusinessLogic", "SocialNetwork.BusinessLogic\SocialNetwork.BusinessLogic.csproj", "{378A40CF-381B-4983-985A-EBBF963DBEA8}"
EndProject
Global
	GlobalSection(SolutionConfigurationPlatforms) = preSolution
		Debug|Any CPU = Debug|Any CPU
		Release|Any CPU = Release|Any CPU
	EndGlobalSection
	GlobalSection(ProjectConfigurationPlatforms) = postSolution
		{6699EA6D-D6A2-4DD7-A849-3545C941836C}.Debug|Any CPU.ActiveCfg = Debug|Any CPU
		{6699EA6D-D6A2-4DD7-A849-3545C941836C}.Debug|Any CPU.Build.0 = Debug|Any CPU
		{6699EA6D-D6A2-4DD7-A849-3545C941836C}.Release|Any CPU.ActiveCfg = Release|Any CPU
		{6699EA6D-D6A2-4DD7-A849-3545C941836C}.Release|Any CPU.Build.0 = Release|Any CPU
		{D6459DCE-9D8C-4519-808C-099B11D49285}.Debug|Any CPU.ActiveCfg = Debug|Any CPU
		{D6459DCE-9D8C-4519-808C-099B11D49285}.Debug|Any CPU.Build.0 = Debug|Any CPU
		{D6459DCE-9D8C-4519-808C-099B11D49285}.Release|Any CPU.ActiveCfg = Release|Any CPU
		{D6459DCE-9D8C-4519-808C-099B11D49285}.Release|Any CPU.Build.0 = Release|Any CPU
		{378A40CF-381B-4983-985A-EBBF963DBEA8}.Debug|Any CPU.ActiveCfg = Debug|Any CPU
		{378A40CF-381B-4983-985A-EBBF963DBEA8}.Debug|Any CPU.Build.0 = Debug|Any CPU
		{378A40CF-381B-4983-985A-EBBF963DBEA8}.Release|Any CPU.ActiveCfg = Release|Any CPU
		{378A40CF-381B-4983-985A-EBBF963DBEA8}.Release|Any CPU.Build.0 = Release|Any CPU
	EndGlobalSection
	GlobalSection(SolutionProperties) = preSolution
		HideSolutionNode = FALSE
	EndGlobalSection
	GlobalSection(ExtensibilityGlobals) = postSolution
		SolutionGuid = {08445E6A-882B-4248-AE2D-03593FA600F2}
	EndGlobalSection
EndGlobal
